// !$*UTF8*$!
{
	archiveVersion = 1;
	classes = {
	};
	objectVersion = 46;
	objects = {

/* Begin PBXBuildFile section */
		387A5D7A1AFB350800360470 /* main.swift in Sources */ = {isa = PBXBuildFile; fileRef = 387A5D791AFB350800360470 /* main.swift */; };
		38A317011B4D293600ECF3C0 /* main.swift in Sources */ = {isa = PBXBuildFile; fileRef = 38A317001B4D293600ECF3C0 /* main.swift */; };
		38E369A01B4A7E180011942E /* main.swift in Sources */ = {isa = PBXBuildFile; fileRef = 38E3699F1B4A7E180011942E /* main.swift */; };
		38E518A21B4BCCD5009D74C2 /* main.swift in Sources */ = {isa = PBXBuildFile; fileRef = 38E518A11B4BCCD5009D74C2 /* main.swift */; };
		38E8CC191B54BE8500E90CFC /* main.swift in Sources */ = {isa = PBXBuildFile; fileRef = 38E8CC181B54BE8500E90CFC /* main.swift */; };
		38E8CD2E1B5510D900E90CFC /* main.swift in Sources */ = {isa = PBXBuildFile; fileRef = 38E8CD2D1B5510D900E90CFC /* main.swift */; };
/* End PBXBuildFile section */

/* Begin PBXCopyFilesBuildPhase section */
		387A5D741AFB350800360470 /* CopyFiles */ = {
			isa = PBXCopyFilesBuildPhase;
			buildActionMask = 2147483647;
			dstPath = /usr/share/man/man1/;
			dstSubfolderSpec = 0;
			files = (
			);
			runOnlyForDeploymentPostprocessing = 1;
		};
		38A316FC1B4D293600ECF3C0 /* CopyFiles */ = {
			isa = PBXCopyFilesBuildPhase;
			buildActionMask = 2147483647;
			dstPath = /usr/share/man/man1/;
			dstSubfolderSpec = 0;
			files = (
			);
			runOnlyForDeploymentPostprocessing = 1;
		};
		38E3699B1B4A7E170011942E /* CopyFiles */ = {
			isa = PBXCopyFilesBuildPhase;
			buildActionMask = 2147483647;
			dstPath = /usr/share/man/man1/;
			dstSubfolderSpec = 0;
			files = (
			);
			runOnlyForDeploymentPostprocessing = 1;
		};
		38E5189D1B4BCCD5009D74C2 /* CopyFiles */ = {
			isa = PBXCopyFilesBuildPhase;
			buildActionMask = 2147483647;
			dstPath = /usr/share/man/man1/;
			dstSubfolderSpec = 0;
			files = (
			);
			runOnlyForDeploymentPostprocessing = 1;
		};
		38E8CC141B54BE8500E90CFC /* CopyFiles */ = {
			isa = PBXCopyFilesBuildPhase;
			buildActionMask = 2147483647;
			dstPath = /usr/share/man/man1/;
			dstSubfolderSpec = 0;
			files = (
			);
			runOnlyForDeploymentPostprocessing = 1;
		};
		38E8CD291B5510D900E90CFC /* CopyFiles */ = {
			isa = PBXCopyFilesBuildPhase;
			buildActionMask = 2147483647;
			dstPath = /usr/share/man/man1/;
			dstSubfolderSpec = 0;
			files = (
			);
			runOnlyForDeploymentPostprocessing = 1;
		};
/* End PBXCopyFilesBuildPhase section */

/* Begin PBXFileReference section */
		387A5D761AFB350800360470 /* Hello Swift */ = {isa = PBXFileReference; explicitFileType = "compiled.mach-o.executable"; includeInIndex = 0; path = "Hello Swift"; sourceTree = BUILT_PRODUCTS_DIR; };
		387A5D791AFB350800360470 /* main.swift */ = {isa = PBXFileReference; lastKnownFileType = sourcecode.swift; path = main.swift; sourceTree = "<group>"; };
		387A5D801AFB359100360470 /* MyPlayground.playground */ = {isa = PBXFileReference; lastKnownFileType = file.playground; path = MyPlayground.playground; sourceTree = "<group>"; };
		38A316FE1B4D293600ECF3C0 /* 集合类型 */ = {isa = PBXFileReference; explicitFileType = "compiled.mach-o.executable"; includeInIndex = 0; path = "集合类型"; sourceTree = BUILT_PRODUCTS_DIR; };
		38A317001B4D293600ECF3C0 /* main.swift */ = {isa = PBXFileReference; lastKnownFileType = sourcecode.swift; path = main.swift; sourceTree = "<group>"; };
		38E3699D1B4A7E170011942E /* 基本运算符 */ = {isa = PBXFileReference; explicitFileType = "compiled.mach-o.executable"; includeInIndex = 0; path = "基本运算符"; sourceTree = BUILT_PRODUCTS_DIR; };
		38E3699F1B4A7E180011942E /* main.swift */ = {isa = PBXFileReference; lastKnownFileType = sourcecode.swift; path = main.swift; sourceTree = "<group>"; };
		38E5189F1B4BCCD5009D74C2 /* 字符串和字符 */ = {isa = PBXFileReference; explicitFileType = "compiled.mach-o.executable"; includeInIndex = 0; path = "字符串和字符"; sourceTree = BUILT_PRODUCTS_DIR; };
		38E518A11B4BCCD5009D74C2 /* main.swift */ = {isa = PBXFileReference; lastKnownFileType = sourcecode.swift; path = main.swift; sourceTree = "<group>"; };
		38E518A61B4BCF19009D74C2 /* MyPlayground.playground */ = {isa = PBXFileReference; lastKnownFileType = file.playground; path = MyPlayground.playground; sourceTree = "<group>"; };
		38E8CC161B54BE8500E90CFC /* 控制流 */ = {isa = PBXFileReference; explicitFileType = "compiled.mach-o.executable"; includeInIndex = 0; path = "控制流"; sourceTree = BUILT_PRODUCTS_DIR; };
		38E8CC181B54BE8500E90CFC /* main.swift */ = {isa = PBXFileReference; lastKnownFileType = sourcecode.swift; path = main.swift; sourceTree = "<group>"; };
		38E8CD2B1B5510D900E90CFC /* 函数functions */ = {isa = PBXFileReference; explicitFileType = "compiled.mach-o.executable"; includeInIndex = 0; path = "函数functions"; sourceTree = BUILT_PRODUCTS_DIR; };
		38E8CD2D1B5510D900E90CFC /* main.swift */ = {isa = PBXFileReference; lastKnownFileType = sourcecode.swift; path = main.swift; sourceTree = "<group>"; };
/* End PBXFileReference section */

/* Begin PBXFrameworksBuildPhase section */
		387A5D731AFB350800360470 /* Frameworks */ = {
			isa = PBXFrameworksBuildPhase;
			buildActionMask = 2147483647;
			files = (
			);
			runOnlyForDeploymentPostprocessing = 0;
		};
		38A316FB1B4D293600ECF3C0 /* Frameworks */ = {
			isa = PBXFrameworksBuildPhase;
			buildActionMask = 2147483647;
			files = (
			);
			runOnlyForDeploymentPostprocessing = 0;
		};
		38E3699A1B4A7E170011942E /* Frameworks */ = {
			isa = PBXFrameworksBuildPhase;
			buildActionMask = 2147483647;
			files = (
			);
			runOnlyForDeploymentPostprocessing = 0;
		};
		38E5189C1B4BCCD5009D74C2 /* Frameworks */ = {
			isa = PBXFrameworksBuildPhase;
			buildActionMask = 2147483647;
			files = (
			);
			runOnlyForDeploymentPostprocessing = 0;
		};
		38E8CC131B54BE8500E90CFC /* Frameworks */ = {
			isa = PBXFrameworksBuildPhase;
			buildActionMask = 2147483647;
			files = (
			);
			runOnlyForDeploymentPostprocessing = 0;
		};
		38E8CD281B5510D900E90CFC /* Frameworks */ = {
			isa = PBXFrameworksBuildPhase;
			buildActionMask = 2147483647;
			files = (
			);
			runOnlyForDeploymentPostprocessing = 0;
		};
/* End PBXFrameworksBuildPhase section */

/* Begin PBXGroup section */
		387A5D6D1AFB350800360470 = {
			isa = PBXGroup;
			children = (
				387A5D781AFB350800360470 /* Hello Swift */,
				38E3699E1B4A7E180011942E /* 基本运算符 */,
				38E518A01B4BCCD5009D74C2 /* 字符串和字符 */,
				38A316FF1B4D293600ECF3C0 /* 集合类型 */,
				38E8CC171B54BE8500E90CFC /* 控制流 */,
				38E8CD2C1B5510D900E90CFC /* 函数functions */,
				387A5D771AFB350800360470 /* Products */,
			);
			sourceTree = "<group>";
		};
		387A5D771AFB350800360470 /* Products */ = {
			isa = PBXGroup;
			children = (
				387A5D761AFB350800360470 /* Hello Swift */,
				38E3699D1B4A7E170011942E /* 基本运算符 */,
				38E5189F1B4BCCD5009D74C2 /* 字符串和字符 */,
				38A316FE1B4D293600ECF3C0 /* 集合类型 */,
				38E8CC161B54BE8500E90CFC /* 控制流 */,
				38E8CD2B1B5510D900E90CFC /* 函数functions */,
			);
			name = Products;
			sourceTree = "<group>";
		};
		387A5D781AFB350800360470 /* Hello Swift */ = {
			isa = PBXGroup;
			children = (
				387A5D791AFB350800360470 /* main.swift */,
				387A5D801AFB359100360470 /* MyPlayground.playground */,
			);
			path = "Hello Swift";
			sourceTree = "<group>";
		};
		38A316FF1B4D293600ECF3C0 /* 集合类型 */ = {
			isa = PBXGroup;
			children = (
				38A317001B4D293600ECF3C0 /* main.swift */,
			);
			path = "集合类型";
			sourceTree = "<group>";
		};
		38E3699E1B4A7E180011942E /* 基本运算符 */ = {
			isa = PBXGroup;
			children = (
				38E3699F1B4A7E180011942E /* main.swift */,
			);
			path = "基本运算符";
			sourceTree = "<group>";
		};
		38E518A01B4BCCD5009D74C2 /* 字符串和字符 */ = {
			isa = PBXGroup;
			children = (
				38E518A11B4BCCD5009D74C2 /* main.swift */,
				38E518A61B4BCF19009D74C2 /* MyPlayground.playground */,
			);
			path = "字符串和字符";
			sourceTree = "<group>";
		};
		38E8CC171B54BE8500E90CFC /* 控制流 */ = {
			isa = PBXGroup;
			children = (
				38E8CC181B54BE8500E90CFC /* main.swift */,
			);
			path = "控制流";
			sourceTree = "<group>";
		};
		38E8CD2C1B5510D900E90CFC /* 函数functions */ = {
			isa = PBXGroup;
			children = (
				38E8CD2D1B5510D900E90CFC /* main.swift */,
			);
			path = "函数functions";
			sourceTree = "<group>";
		};
/* End PBXGroup section */

/* Begin PBXNativeTarget section */
		387A5D751AFB350800360470 /* Hello Swift */ = {
			isa = PBXNativeTarget;
			buildConfigurationList = 387A5D7D1AFB350800360470 /* Build configuration list for PBXNativeTarget "Hello Swift" */;
			buildPhases = (
				387A5D721AFB350800360470 /* Sources */,
				387A5D731AFB350800360470 /* Frameworks */,
				387A5D741AFB350800360470 /* CopyFiles */,
			);
			buildRules = (
			);
			dependencies = (
			);
			name = "Hello Swift";
			productName = "Hello Swift";
			productReference = 387A5D761AFB350800360470 /* Hello Swift */;
			productType = "com.apple.product-type.tool";
		};
		38A316FD1B4D293600ECF3C0 /* 集合类型 */ = {
			isa = PBXNativeTarget;
			buildConfigurationList = 38A317041B4D293600ECF3C0 /* Build configuration list for PBXNativeTarget "集合类型" */;
			buildPhases = (
				38A316FA1B4D293600ECF3C0 /* Sources */,
				38A316FB1B4D293600ECF3C0 /* Frameworks */,
				38A316FC1B4D293600ECF3C0 /* CopyFiles */,
			);
			buildRules = (
			);
			dependencies = (
			);
			name = "集合类型";
			productName = "集合类型";
			productReference = 38A316FE1B4D293600ECF3C0 /* 集合类型 */;
			productType = "com.apple.product-type.tool";
		};
		38E3699C1B4A7E170011942E /* 基本运算符 */ = {
			isa = PBXNativeTarget;
			buildConfigurationList = 38E369A31B4A7E180011942E /* Build configuration list for PBXNativeTarget "基本运算符" */;
			buildPhases = (
				38E369991B4A7E170011942E /* Sources */,
				38E3699A1B4A7E170011942E /* Frameworks */,
				38E3699B1B4A7E170011942E /* CopyFiles */,
			);
			buildRules = (
			);
			dependencies = (
			);
			name = "基本运算符";
			productName = "基本运算符";
			productReference = 38E3699D1B4A7E170011942E /* 基本运算符 */;
			productType = "com.apple.product-type.tool";
		};
		38E5189E1B4BCCD5009D74C2 /* 字符串和字符 */ = {
			isa = PBXNativeTarget;
			buildConfigurationList = 38E518A51B4BCCD5009D74C2 /* Build configuration list for PBXNativeTarget "字符串和字符" */;
			buildPhases = (
				38E5189B1B4BCCD5009D74C2 /* Sources */,
				38E5189C1B4BCCD5009D74C2 /* Frameworks */,
				38E5189D1B4BCCD5009D74C2 /* CopyFiles */,
			);
			buildRules = (
			);
			dependencies = (
			);
			name = "字符串和字符";
			productName = "字符串和字符";
			productReference = 38E5189F1B4BCCD5009D74C2 /* 字符串和字符 */;
			productType = "com.apple.product-type.tool";
		};
		38E8CC151B54BE8500E90CFC /* 控制流 */ = {
			isa = PBXNativeTarget;
			buildConfigurationList = 38E8CC1C1B54BE8500E90CFC /* Build configuration list for PBXNativeTarget "控制流" */;
			buildPhases = (
				38E8CC121B54BE8500E90CFC /* Sources */,
				38E8CC131B54BE8500E90CFC /* Frameworks */,
				38E8CC141B54BE8500E90CFC /* CopyFiles */,
			);
			buildRules = (
			);
			dependencies = (
			);
			name = "控制流";
			productName = "控制流";
			productReference = 38E8CC161B54BE8500E90CFC /* 控制流 */;
			productType = "com.apple.product-type.tool";
		};
		38E8CD2A1B5510D900E90CFC /* 函数functions */ = {
			isa = PBXNativeTarget;
			buildConfigurationList = 38E8CD2F1B5510D900E90CFC /* Build configuration list for PBXNativeTarget "函数functions" */;
			buildPhases = (
				38E8CD271B5510D900E90CFC /* Sources */,
				38E8CD281B5510D900E90CFC /* Frameworks */,
				38E8CD291B5510D900E90CFC /* CopyFiles */,
			);
			buildRules = (
			);
			dependencies = (
			);
			name = "函数functions";
			productName = "函数functions";
			productReference = 38E8CD2B1B5510D900E90CFC /* 函数functions */;
			productType = "com.apple.product-type.tool";
		};
/* End PBXNativeTarget section */

/* Begin PBXProject section */
		387A5D6E1AFB350800360470 /* Project object */ = {
			isa = PBXProject;
			attributes = {
				LastUpgradeCheck = 0630;
				ORGANIZATIONNAME = "黄少华";
				TargetAttributes = {
					387A5D751AFB350800360470 = {
						CreatedOnToolsVersion = 6.3;
					};
					38A316FD1B4D293600ECF3C0 = {
						CreatedOnToolsVersion = 6.3.2;
					};
					38E3699C1B4A7E170011942E = {
						CreatedOnToolsVersion = 6.3.2;
					};
					38E5189E1B4BCCD5009D74C2 = {
						CreatedOnToolsVersion = 6.3.2;
					};
					38E8CC151B54BE8500E90CFC = {
						CreatedOnToolsVersion = 6.4;
					};
					38E8CD2A1B5510D900E90CFC = {
						CreatedOnToolsVersion = 6.4;
					};
				};
			};
			buildConfigurationList = 387A5D711AFB350800360470 /* Build configuration list for PBXProject "Hello Swift" */;
			compatibilityVersion = "Xcode 3.2";
			developmentRegion = English;
			hasScannedForEncodings = 0;
			knownRegions = (
				en,
			);
			mainGroup = 387A5D6D1AFB350800360470;
			productRefGroup = 387A5D771AFB350800360470 /* Products */;
			projectDirPath = "";
			projectRoot = "";
			targets = (
				387A5D751AFB350800360470 /* Hello Swift */,
				38E3699C1B4A7E170011942E /* 基本运算符 */,
				38E5189E1B4BCCD5009D74C2 /* 字符串和字符 */,
				38A316FD1B4D293600ECF3C0 /* 集合类型 */,
				38E8CC151B54BE8500E90CFC /* 控制流 */,
				38E8CD2A1B5510D900E90CFC /* 函数functions */,
			);
		};
/* End PBXProject section */

/* Begin PBXSourcesBuildPhase section */
		387A5D721AFB350800360470 /* Sources */ = {
			isa = PBXSourcesBuildPhase;
			buildActionMask = 2147483647;
			files = (
				387A5D7A1AFB350800360470 /* main.swift in Sources */,
			);
			runOnlyForDeploymentPostprocessing = 0;
		};
		38A316FA1B4D293600ECF3C0 /* Sources */ = {
			isa = PBXSourcesBuildPhase;
			buildActionMask = 2147483647;
			files = (
				38A317011B4D293600ECF3C0 /* main.swift in Sources */,
			);
			runOnlyForDeploymentPostprocessing = 0;
		};
		38E369991B4A7E170011942E /* Sources */ = {
			isa = PBXSourcesBuildPhase;
			buildActionMask = 2147483647;
			files = (
				38E369A01B4A7E180011942E /* main.swift in Sources */,
			);
			runOnlyForDeploymentPostprocessing = 0;
		};
		38E5189B1B4BCCD5009D74C2 /* Sources */ = {
			isa = PBXSourcesBuildPhase;
			buildActionMask = 2147483647;
			files = (
				38E518A21B4BCCD5009D74C2 /* main.swift in Sources */,
			);
			runOnlyForDeploymentPostprocessing = 0;
		};
		38E8CC121B54BE8500E90CFC /* Sources */ = {
			isa = PBXSourcesBuildPhase;
			buildActionMask = 2147483647;
			files = (
				38E8CC191B54BE8500E90CFC /* main.swift in Sources */,
			);
			runOnlyForDeploymentPostprocessing = 0;
		};
		38E8CD271B5510D900E90CFC /* Sources */ = {
			isa = PBXSourcesBuildPhase;
			buildActionMask = 2147483647;
			files = (
				38E8CD2E1B5510D900E90CFC /* main.swift in Sources */,
			);
			runOnlyForDeploymentPostprocessing = 0;
		};
/* End PBXSourcesBuildPhase section */

/* Begin XCBuildConfiguration section */
		387A5D7B1AFB350800360470 /* Debug */ = {
			isa = XCBuildConfiguration;
			buildSettings = {
				ALWAYS_SEARCH_USER_PATHS = NO;
				CLANG_CXX_LANGUAGE_STANDARD = "gnu++0x";
				CLANG_CXX_LIBRARY = "libc++";
				CLANG_ENABLE_MODULES = YES;
				CLANG_ENABLE_OBJC_ARC = YES;
				CLANG_WARN_BOOL_CONVERSION = YES;
				CLANG_WARN_CONSTANT_CONVERSION = YES;
				CLANG_WARN_DIRECT_OBJC_ISA_USAGE = YES_ERROR;
				CLANG_WARN_EMPTY_BODY = YES;
				CLANG_WARN_ENUM_CONVERSION = YES;
				CLANG_WARN_INT_CONVERSION = YES;
				CLANG_WARN_OBJC_ROOT_CLASS = YES_ERROR;
				CLANG_WARN_UNREACHABLE_CODE = YES;
				CLANG_WARN__DUPLICATE_METHOD_MATCH = YES;
				COPY_PHASE_STRIP = NO;
				DEBUG_INFORMATION_FORMAT = dwarf;
				ENABLE_STRICT_OBJC_MSGSEND = YES;
				GCC_C_LANGUAGE_STANDARD = gnu99;
				GCC_DYNAMIC_NO_PIC = NO;
				GCC_NO_COMMON_BLOCKS = YES;
				GCC_OPTIMIZATION_LEVEL = 0;
				GCC_PREPROCESSOR_DEFINITIONS = (
					"DEBUG=1",
					"$(inherited)",
				);
				GCC_SYMBOLS_PRIVATE_EXTERN = NO;
				GCC_WARN_64_TO_32_BIT_CONVERSION = YES;
				GCC_WARN_ABOUT_RETURN_TYPE = YES_ERROR;
				GCC_WARN_UNDECLARED_SELECTOR = YES;
				GCC_WARN_UNINITIALIZED_AUTOS = YES_AGGRESSIVE;
				GCC_WARN_UNUSED_FUNCTION = YES;
				GCC_WARN_UNUSED_VARIABLE = YES;
				MACOSX_DEPLOYMENT_TARGET = 10.10;
				MTL_ENABLE_DEBUG_INFO = YES;
				ONLY_ACTIVE_ARCH = YES;
				SDKROOT = macosx;
				SWIFT_OPTIMIZATION_LEVEL = "-Onone";
			};
			name = Debug;
		};
		387A5D7C1AFB350800360470 /* Release */ = {
			isa = XCBuildConfiguration;
			buildSettings = {
				ALWAYS_SEARCH_USER_PATHS = NO;
				CLANG_CXX_LANGUAGE_STANDARD = "gnu++0x";
				CLANG_CXX_LIBRARY = "libc++";
				CLANG_ENABLE_MODULES = YES;
				CLANG_ENABLE_OBJC_ARC = YES;
				CLANG_WARN_BOOL_CONVERSION = YES;
				CLANG_WARN_CONSTANT_CONVERSION = YES;
				CLANG_WARN_DIRECT_OBJC_ISA_USAGE = YES_ERROR;
				CLANG_WARN_EMPTY_BODY = YES;
				CLANG_WARN_ENUM_CONVERSION = YES;
				CLANG_WARN_INT_CONVERSION = YES;
				CLANG_WARN_OBJC_ROOT_CLASS = YES_ERROR;
				CLANG_WARN_UNREACHABLE_CODE = YES;
				CLANG_WARN__DUPLICATE_METHOD_MATCH = YES;
				COPY_PHASE_STRIP = NO;
				DEBUG_INFORMATION_FORMAT = "dwarf-with-dsym";
				ENABLE_NS_ASSERTIONS = NO;
				ENABLE_STRICT_OBJC_MSGSEND = YES;
				GCC_C_LANGUAGE_STANDARD = gnu99;
				GCC_NO_COMMON_BLOCKS = YES;
				GCC_WARN_64_TO_32_BIT_CONVERSION = YES;
				GCC_WARN_ABOUT_RETURN_TYPE = YES_ERROR;
				GCC_WARN_UNDECLARED_SELECTOR = YES;
				GCC_WARN_UNINITIALIZED_AUTOS = YES_AGGRESSIVE;
				GCC_WARN_UNUSED_FUNCTION = YES;
				GCC_WARN_UNUSED_VARIABLE = YES;
				MACOSX_DEPLOYMENT_TARGET = 10.10;
				MTL_ENABLE_DEBUG_INFO = NO;
				SDKROOT = macosx;
			};
			name = Release;
		};
		387A5D7E1AFB350800360470 /* Debug */ = {
			isa = XCBuildConfiguration;
			buildSettings = {
				PRODUCT_NAME = "$(TARGET_NAME)";
			};
			name = Debug;
		};
		387A5D7F1AFB350800360470 /* Release */ = {
			isa = XCBuildConfiguration;
			buildSettings = {
				PRODUCT_NAME = "$(TARGET_NAME)";
			};
			name = Release;
		};
		38A317021B4D293600ECF3C0 /* Debug */ = {
			isa = XCBuildConfiguration;
			buildSettings = {
				GCC_PREPROCESSOR_DEFINITIONS = (
					"DEBUG=1",
					"$(inherited)",
				);
				PRODUCT_NAME = "$(TARGET_NAME)";
			};
			name = Debug;
		};
		38A317031B4D293600ECF3C0 /* Release */ = {
			isa = XCBuildConfiguration;
			buildSettings = {
				PRODUCT_NAME = "$(TARGET_NAME)";
			};
			name = Release;
		};
		38E369A11B4A7E180011942E /* Debug */ = {
			isa = XCBuildConfiguration;
			buildSettings = {
				GCC_PREPROCESSOR_DEFINITIONS = (
					"DEBUG=1",
					"$(inherited)",
				);
				PRODUCT_NAME = "$(TARGET_NAME)";
			};
			name = Debug;
		};
		38E369A21B4A7E180011942E /* Release */ = {
			isa = XCBuildConfiguration;
			buildSettings = {
				PRODUCT_NAME = "$(TARGET_NAME)";
			};
			name = Release;
		};
		38E518A31B4BCCD5009D74C2 /* Debug */ = {
			isa = XCBuildConfiguration;
			buildSettings = {
				GCC_PREPROCESSOR_DEFINITIONS = (
					"DEBUG=1",
					"$(inherited)",
				);
				PRODUCT_NAME = "$(TARGET_NAME)";
			};
			name = Debug;
		};
		38E518A41B4BCCD5009D74C2 /* Release */ = {
			isa = XCBuildConfiguration;
			buildSettings = {
				PRODUCT_NAME = "$(TARGET_NAME)";
			};
			name = Release;
		};
		38E8CC1A1B54BE8500E90CFC /* Debug */ = {
			isa = XCBuildConfiguration;
			buildSettings = {
				GCC_PREPROCESSOR_DEFINITIONS = (
					"DEBUG=1",
					"$(inherited)",
				);
				PRODUCT_NAME = "$(TARGET_NAME)";
			};
			name = Debug;
		};
		38E8CC1B1B54BE8500E90CFC /* Release */ = {
			isa = XCBuildConfiguration;
			buildSettings = {
				PRODUCT_NAME = "$(TARGET_NAME)";
			};
			name = Release;
		};
		38E8CD301B5510D900E90CFC /* Debug */ = {
			isa = XCBuildConfiguration;
			buildSettings = {
				GCC_PREPROCESSOR_DEFINITIONS = (
					"DEBUG=1",
					"$(inherited)",
				);
				PRODUCT_NAME = "$(TARGET_NAME)";
			};
			name = Debug;
		};
		38E8CD311B5510D900E90CFC /* Release */ = {
			isa = XCBuildConfiguration;
			buildSettings = {
				PRODUCT_NAME = "$(TARGET_NAME)";
			};
			name = Release;
		};
/* End XCBuildConfiguration section */

/* Begin XCConfigurationList section */
		387A5D711AFB350800360470 /* Build configuration list for PBXProject "Hello Swift" */ = {
			isa = XCConfigurationList;
			buildConfigurations = (
				387A5D7B1AFB350800360470 /* Debug */,
				387A5D7C1AFB350800360470 /* Release */,
			);
			defaultConfigurationIsVisible = 0;
			defaultConfigurationName = Release;
		};
		387A5D7D1AFB350800360470 /* Build configuration list for PBXNativeTarget "Hello Swift" */ = {
			isa = XCConfigurationList;
			buildConfigurations = (
				387A5D7E1AFB350800360470 /* Debug */,
				387A5D7F1AFB350800360470 /* Release */,
			);
			defaultConfigurationIsVisible = 0;
			defaultConfigurationName = Release;
		};
		38A317041B4D293600ECF3C0 /* Build configuration list for PBXNativeTarget "集合类型" */ = {
			isa = XCConfigurationList;
			buildConfigurations = (
				38A317021B4D293600ECF3C0 /* Debug */,
				38A317031B4D293600ECF3C0 /* Release */,
			);
			defaultConfigurationIsVisible = 0;
			defaultConfigurationName = Release;
		};
		38E369A31B4A7E180011942E /* Build configuration list for PBXNativeTarget "基本运算符" */ = {
			isa = XCConfigurationList;
			buildConfigurations = (
				38E369A11B4A7E180011942E /* Debug */,
				38E369A21B4A7E180011942E /* Release */,
			);
			defaultConfigurationIsVisible = 0;
			defaultConfigurationName = Release;
		};
		38E518A51B4BCCD5009D74C2 /* Build configuration list for PBXNativeTarget "字符串和字符" */ = {
			isa = XCConfigurationList;
			buildConfigurations = (
				38E518A31B4BCCD5009D74C2 /* Debug */,
				38E518A41B4BCCD5009D74C2 /* Release */,
			);
			defaultConfigurationIsVisible = 0;
			defaultConfigurationName = Release;
		};
		38E8CC1C1B54BE8500E90CFC /* Build configuration list for PBXNativeTarget "控制流" */ = {
			isa = XCConfigurationList;
			buildConfigurations = (
				38E8CC1A1B54BE8500E90CFC /* Debug */,
				38E8CC1B1B54BE8500E90CFC /* Release */,
			);
			defaultConfigurationIsVisible = 0;
		};
		38E8CD2F1B5510D900E90CFC /* Build configuration list for PBXNativeTarget "函数functions" */ = {
			isa = XCConfigurationList;
			buildConfigurations = (
				38E8CD301B5510D900E90CFC /* Debug */,
				38E8CD311B5510D900E90CFC /* Release */,
			);
			defaultConfigurationIsVisible = 0;
		};
/* End XCConfigurationList section */
	};
	rootObject = 387A5D6E1AFB350800360470 /* Project object */;
}
